
Microsoft Visual Studio Solution File, Format Version 12.00
# Visual Studio Version 16
VisualStudioVersion = 16.0.31515.178
MinimumVisualStudioVersion = 10.0.40219.1
Project("{888888A0-9F3D-457C-B088-3A5042F75D52}") = "CourseProjectPhase3", "CourseProjectPhase3.pyproj", "{533EB46B-5863-4C65-B033-DC8B7C0216D7}"
EndProject
Global
	GlobalSection(SolutionConfigurationPlatforms) = preSolution
		Debug|Any CPU = Debug|Any CPU
		Release|Any CPU = Release|Any CPU
	EndGlobalSection
	GlobalSection(ProjectConfigurationPlatforms) = postSolution
		{533EB46B-5863-4C65-B033-DC8B7C0216D7}.Debug|Any CPU.ActiveCfg = Debug|Any CPU
		{533EB46B-5863-4C65-B033-DC8B7C0216D7}.Release|Any CPU.ActiveCfg = Release|Any CPU
	EndGlobalSection
	GlobalSection(SolutionProperties) = preSolution
		HideSolutionNode = FALSE
	EndGlobalSection
	GlobalSection(ExtensibilityGlobals) = postSolution
		SolutionGuid = {2EDC61F5-F20B-4016-9A8B-5A00C2C8EC07}
	EndGlobalSection
EndGlobal
